// !$*UTF8*$!
{
	archiveVersion = 1;
	classes = {
	};
	objectVersion = 46;
	objects = {

/* Begin PBXBuildFile section */
		5A0810F81D580BDD005C585A /* DoneToolbarSwift.framework in Frameworks */ = {isa = PBXBuildFile; fileRef = 5A0810F71D580BDD005C585A /* DoneToolbarSwift.framework */; };
		5A0810FA1D580C8D005C585A /* EZSwiftExtensions.framework in Frameworks */ = {isa = PBXBuildFile; fileRef = 5A0810F91D580C8D005C585A /* EZSwiftExtensions.framework */; };
		5A19FDB61DB93E410022F794 /* Interface.storyboard in Resources */ = {isa = PBXBuildFile; fileRef = 5A19FDB41DB93E410022F794 /* Interface.storyboard */; };
		5A19FDB81DB93E410022F794 /* Assets.xcassets in Resources */ = {isa = PBXBuildFile; fileRef = 5A19FDB71DB93E410022F794 /* Assets.xcassets */; };
		5A19FDBF1DB93E410022F794 /* WatchApp Extension.appex in Embed App Extensions */ = {isa = PBXBuildFile; fileRef = 5A19FDBE1DB93E410022F794 /* WatchApp Extension.appex */; settings = {ATTRIBUTES = (RemoveHeadersOnCopy, ); }; };
		5A19FDC41DB93E410022F794 /* InterfaceController.swift in Sources */ = {isa = PBXBuildFile; fileRef = 5A19FDC31DB93E410022F794 /* InterfaceController.swift */; };
		5A19FDC61DB93E410022F794 /* ExtensionDelegate.swift in Sources */ = {isa = PBXBuildFile; fileRef = 5A19FDC51DB93E410022F794 /* ExtensionDelegate.swift */; };
		5A19FDC81DB93E410022F794 /* Assets.xcassets in Resources */ = {isa = PBXBuildFile; fileRef = 5A19FDC71DB93E410022F794 /* Assets.xcassets */; };
		5A19FDCC1DB93E410022F794 /* WatchApp.app in Embed Watch Content */ = {isa = PBXBuildFile; fileRef = 5A19FDB21DB93E410022F794 /* WatchApp.app */; };
		5A1ACC551DBB49B700F93C65 /* ChineseChequeConverter.swift in Sources */ = {isa = PBXBuildFile; fileRef = 5AE908D81C32DB3C00040A4E /* ChineseChequeConverter.swift */; };
		5A1ACC561DBB49C200F93C65 /* EnglishChequeConverter.swift in Sources */ = {isa = PBXBuildFile; fileRef = 5AE908D21C32C26D00040A4E /* EnglishChequeConverter.swift */; };
		5A1ACC591DBB4D6500F93C65 /* StringUtils.swift in Sources */ = {isa = PBXBuildFile; fileRef = 5AE908D61C32D9A800040A4E /* StringUtils.swift */; };
		5AE908A41C32C20000040A4E /* AppDelegate.swift in Sources */ = {isa = PBXBuildFile; fileRef = 5AE908A31C32C20000040A4E /* AppDelegate.swift */; };
		5AE908A61C32C20000040A4E /* ViewController.swift in Sources */ = {isa = PBXBuildFile; fileRef = 5AE908A51C32C20000040A4E /* ViewController.swift */; };
		5AE908A91C32C20000040A4E /* Main.storyboard in Resources */ = {isa = PBXBuildFile; fileRef = 5AE908A71C32C20000040A4E /* Main.storyboard */; };
		5AE908AB1C32C20000040A4E /* Assets.xcassets in Resources */ = {isa = PBXBuildFile; fileRef = 5AE908AA1C32C20000040A4E /* Assets.xcassets */; };
		5AE908AE1C32C20000040A4E /* LaunchScreen.storyboard in Resources */ = {isa = PBXBuildFile; fileRef = 5AE908AC1C32C20000040A4E /* LaunchScreen.storyboard */; };
		5AE908D31C32C26D00040A4E /* EnglishChequeConverter.swift in Sources */ = {isa = PBXBuildFile; fileRef = 5AE908D21C32C26D00040A4E /* EnglishChequeConverter.swift */; };
		5AE908D51C32D90100040A4E /* Chinese Check Converter Java Code.rtf in Resources */ = {isa = PBXBuildFile; fileRef = 5AE908D41C32D90100040A4E /* Chinese Check Converter Java Code.rtf */; };
		5AE908D71C32D9A800040A4E /* StringUtils.swift in Sources */ = {isa = PBXBuildFile; fileRef = 5AE908D61C32D9A800040A4E /* StringUtils.swift */; };
		5AE908D91C32DB3C00040A4E /* ChineseChequeConverter.swift in Sources */ = {isa = PBXBuildFile; fileRef = 5AE908D81C32DB3C00040A4E /* ChineseChequeConverter.swift */; };
		5AF496401C86ADD200CA116B /* GoogleMobileAds.framework in Frameworks */ = {isa = PBXBuildFile; fileRef = 5AF4963F1C86ADD200CA116B /* GoogleMobileAds.framework */; };
		5AF791B31CF068CC007165AF /* GoogleService-Info.plist in Resources */ = {isa = PBXBuildFile; fileRef = 5AF791B21CF068CC007165AF /* GoogleService-Info.plist */; };
		5AF791B51CF06DF9007165AF /* SecretStuff.swift in Sources */ = {isa = PBXBuildFile; fileRef = 5AF791B41CF06DF9007165AF /* SecretStuff.swift */; };
		5AFB365F1D20ED2D00C7AF51 /* Localizable.strings in Resources */ = {isa = PBXBuildFile; fileRef = 5AFB36611D20ED2D00C7AF51 /* Localizable.strings */; };
		5AFB36651D20ED5000C7AF51 /* InfoPlist.strings in Resources */ = {isa = PBXBuildFile; fileRef = 5AFB36671D20ED5000C7AF51 /* InfoPlist.strings */; };
		710F1ECCEC3F665E861FA9F2 /* Pods_Cheque_HelperTests.framework in Frameworks */ = {isa = PBXBuildFile; fileRef = FEE5CE1B7846B65FE45F0634 /* Pods_Cheque_HelperTests.framework */; };
		75D3AC989233B3E214D79B9D /* Pods_Cheque_Helper.framework in Frameworks */ = {isa = PBXBuildFile; fileRef = 42B9061555633924D6A1D726 /* Pods_Cheque_Helper.framework */; };
		955D840899FA08B335B2B93C /* Pods_Cheque_HelperUITests.framework in Frameworks */ = {isa = PBXBuildFile; fileRef = 092A5228017A3225A2FF025B /* Pods_Cheque_HelperUITests.framework */; };
/* End PBXBuildFile section */

/* Begin PBXContainerItemProxy section */
		5A19FDC01DB93E410022F794 /* PBXContainerItemProxy */ = {
			isa = PBXContainerItemProxy;
			containerPortal = 5AE908981C32C20000040A4E /* Project object */;
			proxyType = 1;
			remoteGlobalIDString = 5A19FDBD1DB93E410022F794;
			remoteInfo = "WatchApp Extension";
		};
		5A19FDCA1DB93E410022F794 /* PBXContainerItemProxy */ = {
			isa = PBXContainerItemProxy;
			containerPortal = 5AE908981C32C20000040A4E /* Project object */;
			proxyType = 1;
			remoteGlobalIDString = 5A19FDB11DB93E410022F794;
			remoteInfo = WatchApp;
		};
		5AE908B51C32C20000040A4E /* PBXContainerItemProxy */ = {
			isa = PBXContainerItemProxy;
			containerPortal = 5AE908981C32C20000040A4E /* Project object */;
			proxyType = 1;
			remoteGlobalIDString = 5AE9089F1C32C20000040A4E;
			remoteInfo = "Cheque Helper";
		};
		5AE908C01C32C20000040A4E /* PBXContainerItemProxy */ = {
			isa = PBXContainerItemProxy;
			containerPortal = 5AE908981C32C20000040A4E /* Project object */;
			proxyType = 1;
			remoteGlobalIDString = 5AE9089F1C32C20000040A4E;
			remoteInfo = "Cheque Helper";
		};
/* End PBXContainerItemProxy section */

/* Begin PBXCopyFilesBuildPhase section */
		5A19FDD21DB93E410022F794 /* Embed App Extensions */ = {
			isa = PBXCopyFilesBuildPhase;
			buildActionMask = 2147483647;
			dstPath = "";
			dstSubfolderSpec = 13;
			files = (
				5A19FDBF1DB93E410022F794 /* WatchApp Extension.appex in Embed App Extensions */,
			);
			name = "Embed App Extensions";
			runOnlyForDeploymentPostprocessing = 0;
		};
		5A19FDD41DB93E410022F794 /* Embed Watch Content */ = {
			isa = PBXCopyFilesBuildPhase;
			buildActionMask = 2147483647;
			dstPath = "$(CONTENTS_FOLDER_PATH)/Watch";
			dstSubfolderSpec = 16;
			files = (
				5A19FDCC1DB93E410022F794 /* WatchApp.app in Embed Watch Content */,
			);
			name = "Embed Watch Content";
			runOnlyForDeploymentPostprocessing = 0;
		};
/* End PBXCopyFilesBuildPhase section */

/* Begin PBXFileReference section */
		092A5228017A3225A2FF025B /* Pods_Cheque_HelperUITests.framework */ = {isa = PBXFileReference; explicitFileType = wrapper.framework; includeInIndex = 0; path = Pods_Cheque_HelperUITests.framework; sourceTree = BUILT_PRODUCTS_DIR; };
		0E790C9D0DCFE7C784A739C9 /* Pods-Cheque HelperUITests.release.xcconfig */ = {isa = PBXFileReference; includeInIndex = 1; lastKnownFileType = text.xcconfig; name = "Pods-Cheque HelperUITests.release.xcconfig"; path = "Pods/Target Support Files/Pods-Cheque HelperUITests/Pods-Cheque HelperUITests.release.xcconfig"; sourceTree = "<group>"; };
		10BF22A13482131EFF0659A0 /* Pods-Cheque HelperTests.debug.xcconfig */ = {isa = PBXFileReference; includeInIndex = 1; lastKnownFileType = text.xcconfig; name = "Pods-Cheque HelperTests.debug.xcconfig"; path = "Pods/Target Support Files/Pods-Cheque HelperTests/Pods-Cheque HelperTests.debug.xcconfig"; sourceTree = "<group>"; };
		225B2994CBA8B171115452F7 /* Pods-Cheque Helper.debug.xcconfig */ = {isa = PBXFileReference; includeInIndex = 1; lastKnownFileType = text.xcconfig; name = "Pods-Cheque Helper.debug.xcconfig"; path = "Pods/Target Support Files/Pods-Cheque Helper/Pods-Cheque Helper.debug.xcconfig"; sourceTree = "<group>"; };
		42B9061555633924D6A1D726 /* Pods_Cheque_Helper.framework */ = {isa = PBXFileReference; explicitFileType = wrapper.framework; includeInIndex = 0; path = Pods_Cheque_Helper.framework; sourceTree = BUILT_PRODUCTS_DIR; };
		5A00DF421DA8FA0700AD83A7 /* ja */ = {isa = PBXFileReference; lastKnownFileType = text.plist.strings; name = ja; path = ja.lproj/Main.strings; sourceTree = "<group>"; };
		5A00DF431DA8FA0700AD83A7 /* ja */ = {isa = PBXFileReference; lastKnownFileType = text.plist.strings; name = ja; path = ja.lproj/LaunchScreen.strings; sourceTree = "<group>"; };
		5A00DF441DA8FA0700AD83A7 /* ja */ = {isa = PBXFileReference; lastKnownFileType = text.plist.strings; name = ja; path = ja.lproj/Localizable.strings; sourceTree = "<group>"; };
		5A00DF451DA8FA0700AD83A7 /* ja */ = {isa = PBXFileReference; lastKnownFileType = text.plist.strings; name = ja; path = ja.lproj/InfoPlist.strings; sourceTree = "<group>"; };
		5A0810F71D580BDD005C585A /* DoneToolbarSwift.framework */ = {isa = PBXFileReference; lastKnownFileType = wrapper.framework; name = DoneToolbarSwift.framework; path = "../../Library/Developer/Xcode/DerivedData/Cheque_Helper-aeiqqxztchxtzidacugqifgodwxv/Build/Products/Release-iphonesimulator/DoneToolbarSwift/DoneToolbarSwift.framework"; sourceTree = "<group>"; };
		5A0810F91D580C8D005C585A /* EZSwiftExtensions.framework */ = {isa = PBXFileReference; lastKnownFileType = wrapper.framework; name = EZSwiftExtensions.framework; path = "Pods/../build/Release-iphoneos/EZSwiftExtensions/EZSwiftExtensions.framework"; sourceTree = "<group>"; };
		5A19FDB21DB93E410022F794 /* WatchApp.app */ = {isa = PBXFileReference; explicitFileType = wrapper.application; includeInIndex = 0; path = WatchApp.app; sourceTree = BUILT_PRODUCTS_DIR; };
		5A19FDB51DB93E410022F794 /* Base */ = {isa = PBXFileReference; lastKnownFileType = file.storyboard; name = Base; path = Base.lproj/Interface.storyboard; sourceTree = "<group>"; };
		5A19FDB71DB93E410022F794 /* Assets.xcassets */ = {isa = PBXFileReference; lastKnownFileType = folder.assetcatalog; path = Assets.xcassets; sourceTree = "<group>"; };
		5A19FDB91DB93E410022F794 /* Info.plist */ = {isa = PBXFileReference; lastKnownFileType = text.plist.xml; path = Info.plist; sourceTree = "<group>"; };
		5A19FDBE1DB93E410022F794 /* WatchApp Extension.appex */ = {isa = PBXFileReference; explicitFileType = "wrapper.app-extension"; includeInIndex = 0; path = "WatchApp Extension.appex"; sourceTree = BUILT_PRODUCTS_DIR; };
		5A19FDC31DB93E410022F794 /* InterfaceController.swift */ = {isa = PBXFileReference; lastKnownFileType = sourcecode.swift; path = InterfaceController.swift; sourceTree = "<group>"; };
		5A19FDC51DB93E410022F794 /* ExtensionDelegate.swift */ = {isa = PBXFileReference; lastKnownFileType = sourcecode.swift; path = ExtensionDelegate.swift; sourceTree = "<group>"; };
		5A19FDC71DB93E410022F794 /* Assets.xcassets */ = {isa = PBXFileReference; lastKnownFileType = folder.assetcatalog; path = Assets.xcassets; sourceTree = "<group>"; };
		5A19FDC91DB93E410022F794 /* Info.plist */ = {isa = PBXFileReference; lastKnownFileType = text.plist.xml; path = Info.plist; sourceTree = "<group>"; };
		5AE908A01C32C20000040A4E /* Cheque Helper.app */ = {isa = PBXFileReference; explicitFileType = wrapper.application; includeInIndex = 0; path = "Cheque Helper.app"; sourceTree = BUILT_PRODUCTS_DIR; };
		5AE908A31C32C20000040A4E /* AppDelegate.swift */ = {isa = PBXFileReference; lastKnownFileType = sourcecode.swift; path = AppDelegate.swift; sourceTree = "<group>"; };
		5AE908A51C32C20000040A4E /* ViewController.swift */ = {isa = PBXFileReference; lastKnownFileType = sourcecode.swift; path = ViewController.swift; sourceTree = "<group>"; };
		5AE908A81C32C20000040A4E /* Base */ = {isa = PBXFileReference; lastKnownFileType = file.storyboard; name = Base; path = Base.lproj/Main.storyboard; sourceTree = "<group>"; };
		5AE908AA1C32C20000040A4E /* Assets.xcassets */ = {isa = PBXFileReference; lastKnownFileType = folder.assetcatalog; path = Assets.xcassets; sourceTree = "<group>"; };
		5AE908AD1C32C20000040A4E /* Base */ = {isa = PBXFileReference; lastKnownFileType = file.storyboard; name = Base; path = Base.lproj/LaunchScreen.storyboard; sourceTree = "<group>"; };
		5AE908AF1C32C20000040A4E /* Info.plist */ = {isa = PBXFileReference; lastKnownFileType = text.plist.xml; path = Info.plist; sourceTree = "<group>"; };
		5AE908B41C32C20000040A4E /* Cheque HelperTests.xctest */ = {isa = PBXFileReference; explicitFileType = wrapper.cfbundle; includeInIndex = 0; path = "Cheque HelperTests.xctest"; sourceTree = BUILT_PRODUCTS_DIR; };
		5AE908BF1C32C20000040A4E /* Cheque HelperUITests.xctest */ = {isa = PBXFileReference; explicitFileType = wrapper.cfbundle; includeInIndex = 0; path = "Cheque HelperUITests.xctest"; sourceTree = BUILT_PRODUCTS_DIR; };
		5AE908D21C32C26D00040A4E /* EnglishChequeConverter.swift */ = {isa = PBXFileReference; fileEncoding = 4; lastKnownFileType = sourcecode.swift; path = EnglishChequeConverter.swift; sourceTree = "<group>"; };
		5AE908D41C32D90100040A4E /* Chinese Check Converter Java Code.rtf */ = {isa = PBXFileReference; fileEncoding = 4; lastKnownFileType = text.rtf; name = "Chinese Check Converter Java Code.rtf"; path = "Cheque Helper/Chinese Check Converter Java Code.rtf"; sourceTree = "<group>"; };
		5AE908D61C32D9A800040A4E /* StringUtils.swift */ = {isa = PBXFileReference; fileEncoding = 4; lastKnownFileType = sourcecode.swift; path = StringUtils.swift; sourceTree = "<group>"; };
		5AE908D81C32DB3C00040A4E /* ChineseChequeConverter.swift */ = {isa = PBXFileReference; fileEncoding = 4; lastKnownFileType = sourcecode.swift; path = ChineseChequeConverter.swift; sourceTree = "<group>"; };
		5AF4963F1C86ADD200CA116B /* GoogleMobileAds.framework */ = {isa = PBXFileReference; lastKnownFileType = wrapper.framework; path = GoogleMobileAds.framework; sourceTree = "<group>"; };
		5AF791B21CF068CC007165AF /* GoogleService-Info.plist */ = {isa = PBXFileReference; fileEncoding = 4; lastKnownFileType = text.plist.xml; path = "GoogleService-Info.plist"; sourceTree = SOURCE_ROOT; };
		5AF791B41CF06DF9007165AF /* SecretStuff.swift */ = {isa = PBXFileReference; fileEncoding = 4; lastKnownFileType = sourcecode.swift; path = SecretStuff.swift; sourceTree = "<group>"; };
		5AFB365C1D20ED0300C7AF51 /* zh-Hant */ = {isa = PBXFileReference; lastKnownFileType = text.plist.strings; name = "zh-Hant"; path = "zh-Hant.lproj/Main.strings"; sourceTree = "<group>"; };
		5AFB36601D20ED2D00C7AF51 /* zh-Hant */ = {isa = PBXFileReference; lastKnownFileType = text.plist.strings; name = "zh-Hant"; path = "zh-Hant.lproj/Localizable.strings"; sourceTree = "<group>"; };
		5AFB36661D20ED5000C7AF51 /* zh-Hant */ = {isa = PBXFileReference; lastKnownFileType = text.plist.strings; name = "zh-Hant"; path = "zh-Hant.lproj/InfoPlist.strings"; sourceTree = "<group>"; };
		6CF1CFA204A1058E8256E95D /* Pods-Cheque Helper.release.xcconfig */ = {isa = PBXFileReference; includeInIndex = 1; lastKnownFileType = text.xcconfig; name = "Pods-Cheque Helper.release.xcconfig"; path = "Pods/Target Support Files/Pods-Cheque Helper/Pods-Cheque Helper.release.xcconfig"; sourceTree = "<group>"; };
		7B1B79E6CD2E51975663B0EB /* Pods-Cheque HelperTests.release.xcconfig */ = {isa = PBXFileReference; includeInIndex = 1; lastKnownFileType = text.xcconfig; name = "Pods-Cheque HelperTests.release.xcconfig"; path = "Pods/Target Support Files/Pods-Cheque HelperTests/Pods-Cheque HelperTests.release.xcconfig"; sourceTree = "<group>"; };
		A94CC4910C26ACB6563FEEA6 /* Pods-Cheque HelperUITests.debug.xcconfig */ = {isa = PBXFileReference; includeInIndex = 1; lastKnownFileType = text.xcconfig; name = "Pods-Cheque HelperUITests.debug.xcconfig"; path = "Pods/Target Support Files/Pods-Cheque HelperUITests/Pods-Cheque HelperUITests.debug.xcconfig"; sourceTree = "<group>"; };
		FEE5CE1B7846B65FE45F0634 /* Pods_Cheque_HelperTests.framework */ = {isa = PBXFileReference; explicitFileType = wrapper.framework; includeInIndex = 0; path = Pods_Cheque_HelperTests.framework; sourceTree = BUILT_PRODUCTS_DIR; };
/* End PBXFileReference section */

/* Begin PBXFrameworksBuildPhase section */
		5A19FDBB1DB93E410022F794 /* Frameworks */ = {
			isa = PBXFrameworksBuildPhase;
			buildActionMask = 2147483647;
			files = (
			);
			runOnlyForDeploymentPostprocessing = 0;
		};
		5AE9089D1C32C20000040A4E /* Frameworks */ = {
			isa = PBXFrameworksBuildPhase;
			buildActionMask = 2147483647;
			files = (
				5A0810FA1D580C8D005C585A /* EZSwiftExtensions.framework in Frameworks */,
				5A0810F81D580BDD005C585A /* DoneToolbarSwift.framework in Frameworks */,
				5AF496401C86ADD200CA116B /* GoogleMobileAds.framework in Frameworks */,
				75D3AC989233B3E214D79B9D /* Pods_Cheque_Helper.framework in Frameworks */,
			);
			runOnlyForDeploymentPostprocessing = 0;
		};
		5AE908B11C32C20000040A4E /* Frameworks */ = {
			isa = PBXFrameworksBuildPhase;
			buildActionMask = 2147483647;
			files = (
				710F1ECCEC3F665E861FA9F2 /* Pods_Cheque_HelperTests.framework in Frameworks */,
			);
			runOnlyForDeploymentPostprocessing = 0;
		};
		5AE908BC1C32C20000040A4E /* Frameworks */ = {
			isa = PBXFrameworksBuildPhase;
			buildActionMask = 2147483647;
			files = (
				955D840899FA08B335B2B93C /* Pods_Cheque_HelperUITests.framework in Frameworks */,
			);
			runOnlyForDeploymentPostprocessing = 0;
		};
/* End PBXFrameworksBuildPhase section */

/* Begin PBXGroup section */
		51C798288CA17DC1F2C1DDAC /* Pods */ = {
			isa = PBXGroup;
			children = (
				225B2994CBA8B171115452F7 /* Pods-Cheque Helper.debug.xcconfig */,
				6CF1CFA204A1058E8256E95D /* Pods-Cheque Helper.release.xcconfig */,
				10BF22A13482131EFF0659A0 /* Pods-Cheque HelperTests.debug.xcconfig */,
				7B1B79E6CD2E51975663B0EB /* Pods-Cheque HelperTests.release.xcconfig */,
				A94CC4910C26ACB6563FEEA6 /* Pods-Cheque HelperUITests.debug.xcconfig */,
				0E790C9D0DCFE7C784A739C9 /* Pods-Cheque HelperUITests.release.xcconfig */,
			);
			name = Pods;
			sourceTree = "<group>";
		};
		5A19FDB31DB93E410022F794 /* WatchApp */ = {
			isa = PBXGroup;
			children = (
				5A19FDB41DB93E410022F794 /* Interface.storyboard */,
				5A19FDB71DB93E410022F794 /* Assets.xcassets */,
				5A19FDB91DB93E410022F794 /* Info.plist */,
			);
			path = WatchApp;
			sourceTree = "<group>";
		};
		5A19FDC21DB93E410022F794 /* WatchApp Extension */ = {
			isa = PBXGroup;
			children = (
				5A19FDC31DB93E410022F794 /* InterfaceController.swift */,
				5A19FDC51DB93E410022F794 /* ExtensionDelegate.swift */,
				5A19FDC71DB93E410022F794 /* Assets.xcassets */,
				5A19FDC91DB93E410022F794 /* Info.plist */,
			);
			path = "WatchApp Extension";
			sourceTree = "<group>";
		};
		5AE908971C32C20000040A4E = {
			isa = PBXGroup;
			children = (
				5AE908D41C32D90100040A4E /* Chinese Check Converter Java Code.rtf */,
				5AF4963F1C86ADD200CA116B /* GoogleMobileAds.framework */,
				5AE908A21C32C20000040A4E /* Cheque Helper */,
				5A19FDB31DB93E410022F794 /* WatchApp */,
				5A19FDC21DB93E410022F794 /* WatchApp Extension */,
				5AE908A11C32C20000040A4E /* Products */,
				51C798288CA17DC1F2C1DDAC /* Pods */,
				EAB239AF9A15A0D447D67ED9 /* Frameworks */,
			);
			sourceTree = "<group>";
		};
		5AE908A11C32C20000040A4E /* Products */ = {
			isa = PBXGroup;
			children = (
				5AE908A01C32C20000040A4E /* Cheque Helper.app */,
				5AE908B41C32C20000040A4E /* Cheque HelperTests.xctest */,
				5AE908BF1C32C20000040A4E /* Cheque HelperUITests.xctest */,
				5A19FDB21DB93E410022F794 /* WatchApp.app */,
				5A19FDBE1DB93E410022F794 /* WatchApp Extension.appex */,
			);
			name = Products;
			sourceTree = "<group>";
		};
		5AE908A21C32C20000040A4E /* Cheque Helper */ = {
			isa = PBXGroup;
			children = (
				5AF791B21CF068CC007165AF /* GoogleService-Info.plist */,
				5AE908A31C32C20000040A4E /* AppDelegate.swift */,
				5AE908A71C32C20000040A4E /* Main.storyboard */,
				5AFB36611D20ED2D00C7AF51 /* Localizable.strings */,
				5AFB36671D20ED5000C7AF51 /* InfoPlist.strings */,
				5AE908A51C32C20000040A4E /* ViewController.swift */,
				5AE908AA1C32C20000040A4E /* Assets.xcassets */,
				5AE908AC1C32C20000040A4E /* LaunchScreen.storyboard */,
				5AE908AF1C32C20000040A4E /* Info.plist */,
				5AE908D21C32C26D00040A4E /* EnglishChequeConverter.swift */,
				5AE908D81C32DB3C00040A4E /* ChineseChequeConverter.swift */,
				5AE908D61C32D9A800040A4E /* StringUtils.swift */,
				5AF791B41CF06DF9007165AF /* SecretStuff.swift */,
			);
			path = "Cheque Helper";
			sourceTree = "<group>";
		};
		EAB239AF9A15A0D447D67ED9 /* Frameworks */ = {
			isa = PBXGroup;
			children = (
				5A0810F91D580C8D005C585A /* EZSwiftExtensions.framework */,
				5A0810F71D580BDD005C585A /* DoneToolbarSwift.framework */,
				42B9061555633924D6A1D726 /* Pods_Cheque_Helper.framework */,
				FEE5CE1B7846B65FE45F0634 /* Pods_Cheque_HelperTests.framework */,
				092A5228017A3225A2FF025B /* Pods_Cheque_HelperUITests.framework */,
			);
			name = Frameworks;
			sourceTree = "<group>";
		};
/* End PBXGroup section */

/* Begin PBXNativeTarget section */
		5A19FDB11DB93E410022F794 /* WatchApp */ = {
			isa = PBXNativeTarget;
			buildConfigurationList = 5A19FDD31DB93E410022F794 /* Build configuration list for PBXNativeTarget "WatchApp" */;
			buildPhases = (
				5A19FDB01DB93E410022F794 /* Resources */,
				5A19FDD21DB93E410022F794 /* Embed App Extensions */,
			);
			buildRules = (
			);
			dependencies = (
				5A19FDC11DB93E410022F794 /* PBXTargetDependency */,
			);
			name = WatchApp;
			productName = WatchApp;
			productReference = 5A19FDB21DB93E410022F794 /* WatchApp.app */;
			productType = "com.apple.product-type.application.watchapp2";
		};
		5A19FDBD1DB93E410022F794 /* WatchApp Extension */ = {
			isa = PBXNativeTarget;
			buildConfigurationList = 5A19FDD11DB93E410022F794 /* Build configuration list for PBXNativeTarget "WatchApp Extension" */;
			buildPhases = (
				5A19FDBA1DB93E410022F794 /* Sources */,
				5A19FDBB1DB93E410022F794 /* Frameworks */,
				5A19FDBC1DB93E410022F794 /* Resources */,
			);
			buildRules = (
			);
			dependencies = (
			);
			name = "WatchApp Extension";
			productName = "WatchApp Extension";
			productReference = 5A19FDBE1DB93E410022F794 /* WatchApp Extension.appex */;
			productType = "com.apple.product-type.watchkit2-extension";
		};
		5AE9089F1C32C20000040A4E /* Cheque Helper */ = {
			isa = PBXNativeTarget;
			buildConfigurationList = 5AE908C81C32C20000040A4E /* Build configuration list for PBXNativeTarget "Cheque Helper" */;
			buildPhases = (
				758F39ECDA978A01FF611D90 /* [CP] Check Pods Manifest.lock */,
				5AE9089C1C32C20000040A4E /* Sources */,
				5AE9089D1C32C20000040A4E /* Frameworks */,
				5AE9089E1C32C20000040A4E /* Resources */,
				C16ADEF618E268548A4EA47D /* [CP] Embed Pods Frameworks */,
				8FA70A5ED4777EA97DFC175C /* [CP] Copy Pods Resources */,
				5A19FDD41DB93E410022F794 /* Embed Watch Content */,
			);
			buildRules = (
			);
			dependencies = (
				5A19FDCB1DB93E410022F794 /* PBXTargetDependency */,
			);
			name = "Cheque Helper";
			productName = "Cheque Helper";
			productReference = 5AE908A01C32C20000040A4E /* Cheque Helper.app */;
			productType = "com.apple.product-type.application";
		};
		5AE908B31C32C20000040A4E /* Cheque HelperTests */ = {
			isa = PBXNativeTarget;
			buildConfigurationList = 5AE908CB1C32C20000040A4E /* Build configuration list for PBXNativeTarget "Cheque HelperTests" */;
			buildPhases = (
				3B9190C473CD7B4D674999D5 /* [CP] Check Pods Manifest.lock */,
				5AE908B01C32C20000040A4E /* Sources */,
				5AE908B11C32C20000040A4E /* Frameworks */,
				5AE908B21C32C20000040A4E /* Resources */,
				CB4A59FF9D17E29E5024184B /* [CP] Embed Pods Frameworks */,
				2987D7A3597B8F9F8606D3A4 /* [CP] Copy Pods Resources */,
			);
			buildRules = (
			);
			dependencies = (
				5AE908B61C32C20000040A4E /* PBXTargetDependency */,
			);
			name = "Cheque HelperTests";
			productName = "Cheque HelperTests";
			productReference = 5AE908B41C32C20000040A4E /* Cheque HelperTests.xctest */;
			productType = "com.apple.product-type.bundle.unit-test";
		};
		5AE908BE1C32C20000040A4E /* Cheque HelperUITests */ = {
			isa = PBXNativeTarget;
			buildConfigurationList = 5AE908CE1C32C20000040A4E /* Build configuration list for PBXNativeTarget "Cheque HelperUITests" */;
			buildPhases = (
				EE51C74085378224A68CA5BC /* [CP] Check Pods Manifest.lock */,
				5AE908BB1C32C20000040A4E /* Sources */,
				5AE908BC1C32C20000040A4E /* Frameworks */,
				5AE908BD1C32C20000040A4E /* Resources */,
				7FE223B7848236BFF9EC5D15 /* [CP] Embed Pods Frameworks */,
				5D1A1483D705A7BF9660FAE2 /* [CP] Copy Pods Resources */,
			);
			buildRules = (
			);
			dependencies = (
				5AE908C11C32C20000040A4E /* PBXTargetDependency */,
			);
			name = "Cheque HelperUITests";
			productName = "Cheque HelperUITests";
			productReference = 5AE908BF1C32C20000040A4E /* Cheque HelperUITests.xctest */;
			productType = "com.apple.product-type.bundle.ui-testing";
		};
/* End PBXNativeTarget section */

/* Begin PBXProject section */
		5AE908981C32C20000040A4E /* Project object */ = {
			isa = PBXProject;
			attributes = {
				LastSwiftUpdateCheck = 0800;
				LastUpgradeCheck = 0800;
				ORGANIZATIONNAME = "Mulang Su";
				TargetAttributes = {
					5A19FDB11DB93E410022F794 = {
						CreatedOnToolsVersion = 8.0;
						DevelopmentTeam = E9MW74DJ4Y;
						ProvisioningStyle = Automatic;
					};
					5A19FDBD1DB93E410022F794 = {
						CreatedOnToolsVersion = 8.0;
						DevelopmentTeam = E9MW74DJ4Y;
						ProvisioningStyle = Automatic;
					};
					5AE9089F1C32C20000040A4E = {
						CreatedOnToolsVersion = 7.2;
						DevelopmentTeam = E9MW74DJ4Y;
						LastSwiftMigration = 0800;
					};
					5AE908B31C32C20000040A4E = {
						CreatedOnToolsVersion = 7.2;
						DevelopmentTeam = 7V7HHZ93M3;
						TestTargetID = 5AE9089F1C32C20000040A4E;
					};
					5AE908BE1C32C20000040A4E = {
						CreatedOnToolsVersion = 7.2;
						DevelopmentTeam = 7V7HHZ93M3;
						TestTargetID = 5AE9089F1C32C20000040A4E;
					};
				};
			};
			buildConfigurationList = 5AE9089B1C32C20000040A4E /* Build configuration list for PBXProject "Cheque Helper" */;
			compatibilityVersion = "Xcode 3.2";
			developmentRegion = English;
			hasScannedForEncodings = 0;
			knownRegions = (
				en,
				Base,
				ja,
			);
			mainGroup = 5AE908971C32C20000040A4E;
			productRefGroup = 5AE908A11C32C20000040A4E /* Products */;
			projectDirPath = "";
			projectRoot = "";
			targets = (
				5AE9089F1C32C20000040A4E /* Cheque Helper */,
				5AE908B31C32C20000040A4E /* Cheque HelperTests */,
				5AE908BE1C32C20000040A4E /* Cheque HelperUITests */,
				5A19FDB11DB93E410022F794 /* WatchApp */,
				5A19FDBD1DB93E410022F794 /* WatchApp Extension */,
			);
		};
/* End PBXProject section */

/* Begin PBXResourcesBuildPhase section */
		5A19FDB01DB93E410022F794 /* Resources */ = {
			isa = PBXResourcesBuildPhase;
			buildActionMask = 2147483647;
			files = (
				5A19FDB81DB93E410022F794 /* Assets.xcassets in Resources */,
				5A19FDB61DB93E410022F794 /* Interface.storyboard in Resources */,
			);
			runOnlyForDeploymentPostprocessing = 0;
		};
		5A19FDBC1DB93E410022F794 /* Resources */ = {
			isa = PBXResourcesBuildPhase;
			buildActionMask = 2147483647;
			files = (
				5A19FDC81DB93E410022F794 /* Assets.xcassets in Resources */,
			);
			runOnlyForDeploymentPostprocessing = 0;
		};
		5AE9089E1C32C20000040A4E /* Resources */ = {
			isa = PBXResourcesBuildPhase;
			buildActionMask = 2147483647;
			files = (
				5AE908AE1C32C20000040A4E /* LaunchScreen.storyboard in Resources */,
				5AFB36651D20ED5000C7AF51 /* InfoPlist.strings in Resources */,
				5AFB365F1D20ED2D00C7AF51 /* Localizable.strings in Resources */,
				5AE908D51C32D90100040A4E /* Chinese Check Converter Java Code.rtf in Resources */,
				5AF791B31CF068CC007165AF /* GoogleService-Info.plist in Resources */,
				5AE908AB1C32C20000040A4E /* Assets.xcassets in Resources */,
				5AE908A91C32C20000040A4E /* Main.storyboard in Resources */,
			);
			runOnlyForDeploymentPostprocessing = 0;
		};
		5AE908B21C32C20000040A4E /* Resources */ = {
			isa = PBXResourcesBuildPhase;
			buildActionMask = 2147483647;
			files = (
			);
			runOnlyForDeploymentPostprocessing = 0;
		};
		5AE908BD1C32C20000040A4E /* Resources */ = {
			isa = PBXResourcesBuildPhase;
			buildActionMask = 2147483647;
			files = (
			);
			runOnlyForDeploymentPostprocessing = 0;
		};
/* End PBXResourcesBuildPhase section */

/* Begin PBXShellScriptBuildPhase section */
		2987D7A3597B8F9F8606D3A4 /* [CP] Copy Pods Resources */ = {
			isa = PBXShellScriptBuildPhase;
			buildActionMask = 2147483647;
			files = (
			);
			inputPaths = (
			);
			name = "[CP] Copy Pods Resources";
			outputPaths = (
			);
			runOnlyForDeploymentPostprocessing = 0;
			shellPath = /bin/sh;
			shellScript = "\"${SRCROOT}/Pods/Target Support Files/Pods-Cheque HelperTests/Pods-Cheque HelperTests-resources.sh\"\n";
			showEnvVarsInLog = 0;
		};
		3B9190C473CD7B4D674999D5 /* [CP] Check Pods Manifest.lock */ = {
			isa = PBXShellScriptBuildPhase;
			buildActionMask = 2147483647;
			files = (
			);
			inputPaths = (
			);
			name = "[CP] Check Pods Manifest.lock";
			outputPaths = (
			);
			runOnlyForDeploymentPostprocessing = 0;
			shellPath = /bin/sh;
			shellScript = "diff \"${PODS_ROOT}/../Podfile.lock\" \"${PODS_ROOT}/Manifest.lock\" > /dev/null\nif [ $? != 0 ] ; then\n    # print error to STDERR\n    echo \"error: The sandbox is not in sync with the Podfile.lock. Run 'pod install' or update your CocoaPods installation.\" >&2\n    exit 1\nfi\n";
			showEnvVarsInLog = 0;
		};
		5D1A1483D705A7BF9660FAE2 /* [CP] Copy Pods Resources */ = {
			isa = PBXShellScriptBuildPhase;
			buildActionMask = 2147483647;
			files = (
			);
			inputPaths = (
			);
			name = "[CP] Copy Pods Resources";
			outputPaths = (
			);
			runOnlyForDeploymentPostprocessing = 0;
			shellPath = /bin/sh;
			shellScript = "\"${SRCROOT}/Pods/Target Support Files/Pods-Cheque HelperUITests/Pods-Cheque HelperUITests-resources.sh\"\n";
			showEnvVarsInLog = 0;
		};
		758F39ECDA978A01FF611D90 /* [CP] Check Pods Manifest.lock */ = {
			isa = PBXShellScriptBuildPhase;
			buildActionMask = 2147483647;
			files = (
			);
			inputPaths = (
			);
			name = "[CP] Check Pods Manifest.lock";
			outputPaths = (
			);
			runOnlyForDeploymentPostprocessing = 0;
			shellPath = /bin/sh;
			shellScript = "diff \"${PODS_ROOT}/../Podfile.lock\" \"${PODS_ROOT}/Manifest.lock\" > /dev/null\nif [ $? != 0 ] ; then\n    # print error to STDERR\n    echo \"error: The sandbox is not in sync with the Podfile.lock. Run 'pod install' or update your CocoaPods installation.\" >&2\n    exit 1\nfi\n";
			showEnvVarsInLog = 0;
		};
		7FE223B7848236BFF9EC5D15 /* [CP] Embed Pods Frameworks */ = {
			isa = PBXShellScriptBuildPhase;
			buildActionMask = 2147483647;
			files = (
			);
			inputPaths = (
			);
			name = "[CP] Embed Pods Frameworks";
			outputPaths = (
			);
			runOnlyForDeploymentPostprocessing = 0;
			shellPath = /bin/sh;
			shellScript = "\"${SRCROOT}/Pods/Target Support Files/Pods-Cheque HelperUITests/Pods-Cheque HelperUITests-frameworks.sh\"\n";
			showEnvVarsInLog = 0;
		};
		8FA70A5ED4777EA97DFC175C /* [CP] Copy Pods Resources */ = {
			isa = PBXShellScriptBuildPhase;
			buildActionMask = 2147483647;
			files = (
			);
			inputPaths = (
			);
			name = "[CP] Copy Pods Resources";
			outputPaths = (
			);
			runOnlyForDeploymentPostprocessing = 0;
			shellPath = /bin/sh;
			shellScript = "\"${SRCROOT}/Pods/Target Support Files/Pods-Cheque Helper/Pods-Cheque Helper-resources.sh\"\n";
			showEnvVarsInLog = 0;
		};
		C16ADEF618E268548A4EA47D /* [CP] Embed Pods Frameworks */ = {
			isa = PBXShellScriptBuildPhase;
			buildActionMask = 2147483647;
			files = (
			);
			inputPaths = (
			);
			name = "[CP] Embed Pods Frameworks";
			outputPaths = (
			);
			runOnlyForDeploymentPostprocessing = 0;
			shellPath = /bin/sh;
			shellScript = "\"${SRCROOT}/Pods/Target Support Files/Pods-Cheque Helper/Pods-Cheque Helper-frameworks.sh\"\n";
			showEnvVarsInLog = 0;
		};
		CB4A59FF9D17E29E5024184B /* [CP] Embed Pods Frameworks */ = {
			isa = PBXShellScriptBuildPhase;
			buildActionMask = 2147483647;
			files = (
			);
			inputPaths = (
			);
			name = "[CP] Embed Pods Frameworks";
			outputPaths = (
			);
			runOnlyForDeploymentPostprocessing = 0;
			shellPath = /bin/sh;
			shellScript = "\"${SRCROOT}/Pods/Target Support Files/Pods-Cheque HelperTests/Pods-Cheque HelperTests-frameworks.sh\"\n";
			showEnvVarsInLog = 0;
		};
		EE51C74085378224A68CA5BC /* [CP] Check Pods Manifest.lock */ = {
			isa = PBXShellScriptBuildPhase;
			buildActionMask = 2147483647;
			files = (
			);
			inputPaths = (
			);
			name = "[CP] Check Pods Manifest.lock";
			outputPaths = (
			);
			runOnlyForDeploymentPostprocessing = 0;
			shellPath = /bin/sh;
			shellScript = "diff \"${PODS_ROOT}/../Podfile.lock\" \"${PODS_ROOT}/Manifest.lock\" > /dev/null\nif [ $? != 0 ] ; then\n    # print error to STDERR\n    echo \"error: The sandbox is not in sync with the Podfile.lock. Run 'pod install' or update your CocoaPods installation.\" >&2\n    exit 1\nfi\n";
			showEnvVarsInLog = 0;
		};
/* End PBXShellScriptBuildPhase section */

/* Begin PBXSourcesBuildPhase section */
		5A19FDBA1DB93E410022F794 /* Sources */ = {
			isa = PBXSourcesBuildPhase;
			buildActionMask = 2147483647;
			files = (
				5A1ACC591DBB4D6500F93C65 /* StringUtils.swift in Sources */,
				5A1ACC561DBB49C200F93C65 /* EnglishChequeConverter.swift in Sources */,
				5A1ACC551DBB49B700F93C65 /* ChineseChequeConverter.swift in Sources */,
				5A19FDC61DB93E410022F794 /* ExtensionDelegate.swift in Sources */,
				5A19FDC41DB93E410022F794 /* InterfaceController.swift in Sources */,
			);
			runOnlyForDeploymentPostprocessing = 0;
		};
		5AE9089C1C32C20000040A4E /* Sources */ = {
			isa = PBXSourcesBuildPhase;
			buildActionMask = 2147483647;
			files = (
				5AE908D71C32D9A800040A4E /* StringUtils.swift in Sources */,
				5AF791B51CF06DF9007165AF /* SecretStuff.swift in Sources */,
				5AE908D31C32C26D00040A4E /* EnglishChequeConverter.swift in Sources */,
				5AE908A61C32C20000040A4E /* ViewController.swift in Sources */,
				5AE908A41C32C20000040A4E /* AppDelegate.swift in Sources */,
				5AE908D91C32DB3C00040A4E /* ChineseChequeConverter.swift in Sources */,
			);
			runOnlyForDeploymentPostprocessing = 0;
		};
		5AE908B01C32C20000040A4E /* Sources */ = {
			isa = PBXSourcesBuildPhase;
			buildActionMask = 2147483647;
			files = (
			);
			runOnlyForDeploymentPostprocessing = 0;
		};
		5AE908BB1C32C20000040A4E /* Sources */ = {
			isa = PBXSourcesBuildPhase;
			buildActionMask = 2147483647;
			files = (
			);
			runOnlyForDeploymentPostprocessing = 0;
		};
/* End PBXSourcesBuildPhase section */

/* Begin PBXTargetDependency section */
		5A19FDC11DB93E410022F794 /* PBXTargetDependency */ = {
			isa = PBXTargetDependency;
			target = 5A19FDBD1DB93E410022F794 /* WatchApp Extension */;
			targetProxy = 5A19FDC01DB93E410022F794 /* PBXContainerItemProxy */;
		};
		5A19FDCB1DB93E410022F794 /* PBXTargetDependency */ = {
			isa = PBXTargetDependency;
			target = 5A19FDB11DB93E410022F794 /* WatchApp */;
			targetProxy = 5A19FDCA1DB93E410022F794 /* PBXContainerItemProxy */;
		};
		5AE908B61C32C20000040A4E /* PBXTargetDependency */ = {
			isa = PBXTargetDependency;
			target = 5AE9089F1C32C20000040A4E /* Cheque Helper */;
			targetProxy = 5AE908B51C32C20000040A4E /* PBXContainerItemProxy */;
		};
		5AE908C11C32C20000040A4E /* PBXTargetDependency */ = {
			isa = PBXTargetDependency;
			target = 5AE9089F1C32C20000040A4E /* Cheque Helper */;
			targetProxy = 5AE908C01C32C20000040A4E /* PBXContainerItemProxy */;
		};
/* End PBXTargetDependency section */

/* Begin PBXVariantGroup section */
		5A19FDB41DB93E410022F794 /* Interface.storyboard */ = {
			isa = PBXVariantGroup;
			children = (
				5A19FDB51DB93E410022F794 /* Base */,
			);
			name = Interface.storyboard;
			sourceTree = "<group>";
		};
		5AE908A71C32C20000040A4E /* Main.storyboard */ = {
			isa = PBXVariantGroup;
			children = (
				5AE908A81C32C20000040A4E /* Base */,
				5AFB365C1D20ED0300C7AF51 /* zh-Hant */,
				5A00DF421DA8FA0700AD83A7 /* ja */,
			);
			name = Main.storyboard;
			sourceTree = "<group>";
		};
		5AE908AC1C32C20000040A4E /* LaunchScreen.storyboard */ = {
			isa = PBXVariantGroup;
			children = (
				5AE908AD1C32C20000040A4E /* Base */,
				5A00DF431DA8FA0700AD83A7 /* ja */,
			);
			name = LaunchScreen.storyboard;
			sourceTree = "<group>";
		};
		5AFB36611D20ED2D00C7AF51 /* Localizable.strings */ = {
			isa = PBXVariantGroup;
			children = (
				5AFB36601D20ED2D00C7AF51 /* zh-Hant */,
				5A00DF441DA8FA0700AD83A7 /* ja */,
			);
			name = Localizable.strings;
			sourceTree = "<group>";
		};
		5AFB36671D20ED5000C7AF51 /* InfoPlist.strings */ = {
			isa = PBXVariantGroup;
			children = (
				5AFB36661D20ED5000C7AF51 /* zh-Hant */,
				5A00DF451DA8FA0700AD83A7 /* ja */,
			);
			name = InfoPlist.strings;
			sourceTree = "<group>";
		};
/* End PBXVariantGroup section */

/* Begin XCBuildConfiguration section */
		5A19FDCD1DB93E410022F794 /* Debug */ = {
			isa = XCBuildConfiguration;
			buildSettings = {
				ALWAYS_EMBED_SWIFT_STANDARD_LIBRARIES = YES;
				ALWAYS_SEARCH_USER_PATHS = NO;
				ASSETCATALOG_COMPILER_APPICON_NAME = AppIcon;
				CLANG_ANALYZER_NONNULL = YES;
				CLANG_WARN_DOCUMENTATION_COMMENTS = YES;
				CLANG_WARN_INFINITE_RECURSION = YES;
				CLANG_WARN_SUSPICIOUS_MOVES = YES;
				CODE_SIGN_IDENTITY = "iPhone Developer";
				"CODE_SIGN_IDENTITY[sdk=iphoneos*]" = "iPhone Developer";
				DEVELOPMENT_TEAM = E9MW74DJ4Y;
				IBSC_MODULE = WatchApp_Extension;
				INFOPLIST_FILE = WatchApp/Info.plist;
				PRODUCT_BUNDLE_IDENTIFIER = com.CheckHelper.watchkitapp;
				PRODUCT_NAME = "$(TARGET_NAME)";
				SDKROOT = watchos;
				SKIP_INSTALL = YES;
				SWIFT_ACTIVE_COMPILATION_CONDITIONS = DEBUG;
				SWIFT_VERSION = 3.0;
				TARGETED_DEVICE_FAMILY = 4;
				WATCHOS_DEPLOYMENT_TARGET = 3.0;
			};
			name = Debug;
		};
		5A19FDCE1DB93E410022F794 /* Release */ = {
			isa = XCBuildConfiguration;
			buildSettings = {
				ALWAYS_EMBED_SWIFT_STANDARD_LIBRARIES = YES;
				ALWAYS_SEARCH_USER_PATHS = NO;
				ASSETCATALOG_COMPILER_APPICON_NAME = AppIcon;
				CLANG_ANALYZER_NONNULL = YES;
				CLANG_WARN_DOCUMENTATION_COMMENTS = YES;
				CLANG_WARN_INFINITE_RECURSION = YES;
				CLANG_WARN_SUSPICIOUS_MOVES = YES;
				CODE_SIGN_IDENTITY = "iPhone Developer";
				"CODE_SIGN_IDENTITY[sdk=iphoneos*]" = "iPhone Developer";
				DEVELOPMENT_TEAM = E9MW74DJ4Y;
				IBSC_MODULE = WatchApp_Extension;
				INFOPLIST_FILE = WatchApp/Info.plist;
				PRODUCT_BUNDLE_IDENTIFIER = com.CheckHelper.watchkitapp;
				PRODUCT_NAME = "$(TARGET_NAME)";
				SDKROOT = watchos;
				SKIP_INSTALL = YES;
				SWIFT_OPTIMIZATION_LEVEL = "-Owholemodule";
				SWIFT_VERSION = 3.0;
				TARGETED_DEVICE_FAMILY = 4;
				WATCHOS_DEPLOYMENT_TARGET = 3.0;
			};
			name = Release;
		};
		5A19FDCF1DB93E410022F794 /* Debug */ = {
			isa = XCBuildConfiguration;
			buildSettings = {
				ALWAYS_SEARCH_USER_PATHS = NO;
				ASSETCATALOG_COMPILER_COMPLICATION_NAME = Complication;
				CLANG_ANALYZER_NONNULL = YES;
				CLANG_WARN_DOCUMENTATION_COMMENTS = YES;
				CLANG_WARN_INFINITE_RECURSION = YES;
				CLANG_WARN_SUSPICIOUS_MOVES = YES;
				DEVELOPMENT_TEAM = E9MW74DJ4Y;
				ENABLE_BITCODE = YES;
				INFOPLIST_FILE = "WatchApp Extension/Info.plist";
				LD_RUNPATH_SEARCH_PATHS = "$(inherited) @executable_path/Frameworks @executable_path/../../Frameworks";
				PRODUCT_BUNDLE_IDENTIFIER = com.CheckHelper.watchkitapp.watchkitextension;
				PRODUCT_NAME = "${TARGET_NAME}";
				SDKROOT = watchos;
				SKIP_INSTALL = YES;
				SWIFT_ACTIVE_COMPILATION_CONDITIONS = DEBUG;
				SWIFT_VERSION = 3.0;
				TARGETED_DEVICE_FAMILY = 4;
				WATCHOS_DEPLOYMENT_TARGET = 3.0;
			};
			name = Debug;
		};
		5A19FDD01DB93E410022F794 /* Release */ = {
			isa = XCBuildConfiguration;
			buildSettings = {
				ALWAYS_SEARCH_USER_PATHS = NO;
				ASSETCATALOG_COMPILER_COMPLICATION_NAME = Complication;
				CLANG_ANALYZER_NONNULL = YES;
				CLANG_WARN_DOCUMENTATION_COMMENTS = YES;
				CLANG_WARN_INFINITE_RECURSION = YES;
				CLANG_WARN_SUSPICIOUS_MOVES = YES;
				DEVELOPMENT_TEAM = E9MW74DJ4Y;
				ENABLE_BITCODE = YES;
				INFOPLIST_FILE = "WatchApp Extension/Info.plist";
				LD_RUNPATH_SEARCH_PATHS = "$(inherited) @executable_path/Frameworks @executable_path/../../Frameworks";
				PRODUCT_BUNDLE_IDENTIFIER = com.CheckHelper.watchkitapp.watchkitextension;
				PRODUCT_NAME = "${TARGET_NAME}";
				SDKROOT = watchos;
				SKIP_INSTALL = YES;
				SWIFT_OPTIMIZATION_LEVEL = "-Owholemodule";
				SWIFT_VERSION = 3.0;
				TARGETED_DEVICE_FAMILY = 4;
				WATCHOS_DEPLOYMENT_TARGET = 3.0;
			};
			name = Release;
		};
		5AE908C61C32C20000040A4E /* Debug */ = {
			isa = XCBuildConfiguration;
			buildSettings = {
				ALWAYS_SEARCH_USER_PATHS = YES;
				CLANG_ANALYZER_LOCALIZABILITY_NONLOCALIZED = YES;
				CLANG_CXX_LANGUAGE_STANDARD = "gnu++0x";
				CLANG_CXX_LIBRARY = "libc++";
				CLANG_ENABLE_MODULES = YES;
				CLANG_ENABLE_OBJC_ARC = YES;
				CLANG_WARN_BOOL_CONVERSION = YES;
				CLANG_WARN_CONSTANT_CONVERSION = YES;
				CLANG_WARN_DIRECT_OBJC_ISA_USAGE = YES_ERROR;
				CLANG_WARN_EMPTY_BODY = YES;
				CLANG_WARN_ENUM_CONVERSION = YES;
				CLANG_WARN_INFINITE_RECURSION = YES;
				CLANG_WARN_INT_CONVERSION = YES;
				CLANG_WARN_OBJC_ROOT_CLASS = YES_ERROR;
				CLANG_WARN_SUSPICIOUS_MOVE = YES;
				CLANG_WARN_UNREACHABLE_CODE = YES;
				CLANG_WARN__DUPLICATE_METHOD_MATCH = YES;
				"CODE_SIGN_IDENTITY[sdk=iphoneos*]" = "iPhone Developer";
				COPY_PHASE_STRIP = NO;
				DEBUG_INFORMATION_FORMAT = dwarf;
				ENABLE_BITCODE = NO;
				ENABLE_STRICT_OBJC_MSGSEND = YES;
				ENABLE_TESTABILITY = YES;
				GCC_C_LANGUAGE_STANDARD = gnu99;
				GCC_DYNAMIC_NO_PIC = NO;
				GCC_NO_COMMON_BLOCKS = YES;
				GCC_OPTIMIZATION_LEVEL = 0;
				GCC_PREPROCESSOR_DEFINITIONS = (
					"DEBUG=1",
					"$(inherited)",
				);
				GCC_WARN_64_TO_32_BIT_CONVERSION = YES;
				GCC_WARN_ABOUT_RETURN_TYPE = YES_ERROR;
				GCC_WARN_UNDECLARED_SELECTOR = YES;
				GCC_WARN_UNINITIALIZED_AUTOS = YES_AGGRESSIVE;
				GCC_WARN_UNUSED_FUNCTION = YES;
				GCC_WARN_UNUSED_VARIABLE = YES;
				IPHONEOS_DEPLOYMENT_TARGET = 8.0;
				MTL_ENABLE_DEBUG_INFO = YES;
				ONLY_ACTIVE_ARCH = YES;
				SDKROOT = iphoneos;
				SWIFT_OPTIMIZATION_LEVEL = "-Onone";
			};
			name = Debug;
		};
		5AE908C71C32C20000040A4E /* Release */ = {
			isa = XCBuildConfiguration;
			buildSettings = {
				ALWAYS_SEARCH_USER_PATHS = YES;
				CLANG_ANALYZER_LOCALIZABILITY_NONLOCALIZED = YES;
				CLANG_CXX_LANGUAGE_STANDARD = "gnu++0x";
				CLANG_CXX_LIBRARY = "libc++";
				CLANG_ENABLE_MODULES = YES;
				CLANG_ENABLE_OBJC_ARC = YES;
				CLANG_WARN_BOOL_CONVERSION = YES;
				CLANG_WARN_CONSTANT_CONVERSION = YES;
				CLANG_WARN_DIRECT_OBJC_ISA_USAGE = YES_ERROR;
				CLANG_WARN_EMPTY_BODY = YES;
				CLANG_WARN_ENUM_CONVERSION = YES;
				CLANG_WARN_INFINITE_RECURSION = YES;
				CLANG_WARN_INT_CONVERSION = YES;
				CLANG_WARN_OBJC_ROOT_CLASS = YES_ERROR;
				CLANG_WARN_SUSPICIOUS_MOVE = YES;
				CLANG_WARN_UNREACHABLE_CODE = YES;
				CLANG_WARN__DUPLICATE_METHOD_MATCH = YES;
				"CODE_SIGN_IDENTITY[sdk=iphoneos*]" = "iPhone Developer";
				COPY_PHASE_STRIP = NO;
				DEBUG_INFORMATION_FORMAT = "dwarf-with-dsym";
				ENABLE_BITCODE = NO;
				ENABLE_NS_ASSERTIONS = NO;
				ENABLE_STRICT_OBJC_MSGSEND = YES;
				GCC_C_LANGUAGE_STANDARD = gnu99;
				GCC_NO_COMMON_BLOCKS = YES;
				GCC_WARN_64_TO_32_BIT_CONVERSION = YES;
				GCC_WARN_ABOUT_RETURN_TYPE = YES_ERROR;
				GCC_WARN_UNDECLARED_SELECTOR = YES;
				GCC_WARN_UNINITIALIZED_AUTOS = YES_AGGRESSIVE;
				GCC_WARN_UNUSED_FUNCTION = YES;
				GCC_WARN_UNUSED_VARIABLE = YES;
				IPHONEOS_DEPLOYMENT_TARGET = 8.0;
				MTL_ENABLE_DEBUG_INFO = NO;
				SDKROOT = iphoneos;
				SWIFT_OPTIMIZATION_LEVEL = "-Owholemodule";
				VALIDATE_PRODUCT = YES;
			};
			name = Release;
		};
		5AE908C91C32C20000040A4E /* Debug */ = {
			isa = XCBuildConfiguration;
			baseConfigurationReference = 225B2994CBA8B171115452F7 /* Pods-Cheque Helper.debug.xcconfig */;
			buildSettings = {
				ALWAYS_EMBED_SWIFT_STANDARD_LIBRARIES = YES;
				ALWAYS_SEARCH_USER_PATHS = YES;
				ASSETCATALOG_COMPILER_APPICON_NAME = AppIcon;
				CODE_SIGN_IDENTITY = "iPhone Developer";
				"CODE_SIGN_IDENTITY[sdk=iphoneos*]" = "iPhone Developer";
				ENABLE_BITCODE = NO;
				FRAMEWORK_SEARCH_PATHS = (
					"$(PROJECT_DIR)",
					"$(inherited)",
					"$(PROJECT_DIR)/build/Release-iphoneos/EZSwiftExtensions",
				);
				INFOPLIST_FILE = "Cheque Helper/Info.plist";
				IPHONEOS_DEPLOYMENT_TARGET = 8.0;
				LD_RUNPATH_SEARCH_PATHS = "$(inherited) @executable_path/Frameworks";
				PRODUCT_BUNDLE_IDENTIFIER = com.CheckHelper;
				PRODUCT_NAME = "$(TARGET_NAME)";
				PROVISIONING_PROFILE = "";
				SKIP_INSTALL = NO;
				SWIFT_VERSION = 3.0;
				TARGETED_DEVICE_FAMILY = "1,2";
			};
			name = Debug;
		};
		5AE908CA1C32C20000040A4E /* Release */ = {
			isa = XCBuildConfiguration;
			baseConfigurationReference = 6CF1CFA204A1058E8256E95D /* Pods-Cheque Helper.release.xcconfig */;
			buildSettings = {
				ALWAYS_EMBED_SWIFT_STANDARD_LIBRARIES = YES;
				ALWAYS_SEARCH_USER_PATHS = YES;
				ASSETCATALOG_COMPILER_APPICON_NAME = AppIcon;
				CODE_SIGN_IDENTITY = "iPhone Developer";
				"CODE_SIGN_IDENTITY[sdk=iphoneos*]" = "iPhone Developer";
				ENABLE_BITCODE = NO;
				FRAMEWORK_SEARCH_PATHS = (
					"$(PROJECT_DIR)",
					"$(inherited)",
					"$(PROJECT_DIR)/build/Release-iphoneos/EZSwiftExtensions",
				);
				INFOPLIST_FILE = "Cheque Helper/Info.plist";
				IPHONEOS_DEPLOYMENT_TARGET = 8.0;
				LD_RUNPATH_SEARCH_PATHS = "$(inherited) @executable_path/Frameworks";
				PRODUCT_BUNDLE_IDENTIFIER = com.CheckHelper;
				PRODUCT_NAME = "$(TARGET_NAME)";
				PROVISIONING_PROFILE = "";
				SKIP_INSTALL = NO;
				SWIFT_VERSION = 3.0;
				TARGETED_DEVICE_FAMILY = "1,2";
			};
			name = Release;
		};
		5AE908CC1C32C20000040A4E /* Debug */ = {
			isa = XCBuildConfiguration;
			baseConfigurationReference = 10BF22A13482131EFF0659A0 /* Pods-Cheque HelperTests.debug.xcconfig */;
			buildSettings = {
				BUNDLE_LOADER = "$(TEST_HOST)";
				INFOPLIST_FILE = "Cheque HelperTests/Info.plist";
				LD_RUNPATH_SEARCH_PATHS = "$(inherited) @executable_path/Frameworks @loader_path/Frameworks";
				PRODUCT_BUNDLE_IDENTIFIER = "sumulang.Cheque-HelperTests";
				PRODUCT_NAME = "$(TARGET_NAME)";
				TEST_HOST = "$(BUILT_PRODUCTS_DIR)/Cheque Helper.app/Cheque Helper";
			};
			name = Debug;
		};
		5AE908CD1C32C20000040A4E /* Release */ = {
			isa = XCBuildConfiguration;
			baseConfigurationReference = 7B1B79E6CD2E51975663B0EB /* Pods-Cheque HelperTests.release.xcconfig */;
			buildSettings = {
				BUNDLE_LOADER = "$(TEST_HOST)";
				INFOPLIST_FILE = "Cheque HelperTests/Info.plist";
				LD_RUNPATH_SEARCH_PATHS = "$(inherited) @executable_path/Frameworks @loader_path/Frameworks";
				PRODUCT_BUNDLE_IDENTIFIER = "sumulang.Cheque-HelperTests";
				PRODUCT_NAME = "$(TARGET_NAME)";
				TEST_HOST = "$(BUILT_PRODUCTS_DIR)/Cheque Helper.app/Cheque Helper";
			};
			name = Release;
		};
		5AE908CF1C32C20000040A4E /* Debug */ = {
			isa = XCBuildConfiguration;
			baseConfigurationReference = A94CC4910C26ACB6563FEEA6 /* Pods-Cheque HelperUITests.debug.xcconfig */;
			buildSettings = {
				INFOPLIST_FILE = "Cheque HelperUITests/Info.plist";
				LD_RUNPATH_SEARCH_PATHS = "$(inherited) @executable_path/Frameworks @loader_path/Frameworks";
				PRODUCT_BUNDLE_IDENTIFIER = "sumulang.Cheque-HelperUITests";
				PRODUCT_NAME = "$(TARGET_NAME)";
				TEST_TARGET_NAME = "Cheque Helper";
				USES_XCTRUNNER = YES;
			};
			name = Debug;
		};
		5AE908D01C32C20000040A4E /* Release */ = {
			isa = XCBuildConfiguration;
			baseConfigurationReference = 0E790C9D0DCFE7C784A739C9 /* Pods-Cheque HelperUITests.release.xcconfig */;
			buildSettings = {
				INFOPLIST_FILE = "Cheque HelperUITests/Info.plist";
				LD_RUNPATH_SEARCH_PATHS = "$(inherited) @executable_path/Frameworks @loader_path/Frameworks";
				PRODUCT_BUNDLE_IDENTIFIER = "sumulang.Cheque-HelperUITests";
				PRODUCT_NAME = "$(TARGET_NAME)";
				TEST_TARGET_NAME = "Cheque Helper";
				USES_XCTRUNNER = YES;
			};
			name = Release;
		};
/* End XCBuildConfiguration section */

/* Begin XCConfigurationList section */
		5A19FDD11DB93E410022F794 /* Build configuration list for PBXNativeTarget "WatchApp Extension" */ = {
			isa = XCConfigurationList;
			buildConfigurations = (
				5A19FDCF1DB93E410022F794 /* Debug */,
				5A19FDD01DB93E410022F794 /* Release */,
			);
			defaultConfigurationIsVisible = 0;
			defaultConfigurationName = Release;
		};
		5A19FDD31DB93E410022F794 /* Build configuration list for PBXNativeTarget "WatchApp" */ = {
			isa = XCConfigurationList;
			buildConfigurations = (
				5A19FDCD1DB93E410022F794 /* Debug */,
				5A19FDCE1DB93E410022F794 /* Release */,
			);
			defaultConfigurationIsVisible = 0;
			defaultConfigurationName = Release;
		};
		5AE9089B1C32C20000040A4E /* Build configuration list for PBXProject "Cheque Helper" */ = {
			isa = XCConfigurationList;
			buildConfigurations = (
				5AE908C61C32C20000040A4E /* Debug */,
				5AE908C71C32C20000040A4E /* Release */,
			);
			defaultConfigurationIsVisible = 0;
			defaultConfigurationName = Release;
		};
		5AE908C81C32C20000040A4E /* Build configuration list for PBXNativeTarget "Cheque Helper" */ = {
			isa = XCConfigurationList;
			buildConfigurations = (
				5AE908C91C32C20000040A4E /* Debug */,
				5AE908CA1C32C20000040A4E /* Release */,
			);
			defaultConfigurationIsVisible = 0;
			defaultConfigurationName = Release;
		};
		5AE908CB1C32C20000040A4E /* Build configuration list for PBXNativeTarget "Cheque HelperTests" */ = {
			isa = XCConfigurationList;
			buildConfigurations = (
				5AE908CC1C32C20000040A4E /* Debug */,
				5AE908CD1C32C20000040A4E /* Release */,
			);
			defaultConfigurationIsVisible = 0;
			defaultConfigurationName = Release;
		};
		5AE908CE1C32C20000040A4E /* Build configuration list for PBXNativeTarget "Cheque HelperUITests" */ = {
			isa = XCConfigurationList;
			buildConfigurations = (
				5AE908CF1C32C20000040A4E /* Debug */,
				5AE908D01C32C20000040A4E /* Release */,
			);
			defaultConfigurationIsVisible = 0;
			defaultConfigurationName = Release;
		};
/* End XCConfigurationList section */
	};
	rootObject = 5AE908981C32C20000040A4E /* Project object */;
}
